// !$*UTF8*$!
{
	archiveVersion = 1;
	classes = {
	};
	objectVersion = 51;
	objects = {

/* Begin PBXBuildFile section */
		836058DF23DBB11400D69FEA /* MovieDetailsViewController.swift in Sources */ = {isa = PBXBuildFile; fileRef = 836058DE23DBB11400D69FEA /* MovieDetailsViewController.swift */; };
		839F679F23D53FBF00AD9C2B /* AppDelegate.swift in Sources */ = {isa = PBXBuildFile; fileRef = 839F679E23D53FBF00AD9C2B /* AppDelegate.swift */; };
		839F67A123D53FBF00AD9C2B /* SceneDelegate.swift in Sources */ = {isa = PBXBuildFile; fileRef = 839F67A023D53FBF00AD9C2B /* SceneDelegate.swift */; };
		839F67A623D53FBF00AD9C2B /* Main.storyboard in Resources */ = {isa = PBXBuildFile; fileRef = 839F67A423D53FBF00AD9C2B /* Main.storyboard */; };
		839F67A823D53FC200AD9C2B /* Assets.xcassets in Resources */ = {isa = PBXBuildFile; fileRef = 839F67A723D53FC200AD9C2B /* Assets.xcassets */; };
		839F67AB23D53FC200AD9C2B /* LaunchScreen.storyboard in Resources */ = {isa = PBXBuildFile; fileRef = 839F67A923D53FC200AD9C2B /* LaunchScreen.storyboard */; };
		839F67B323D5409500AD9C2B /* MoviesViewController.swift in Sources */ = {isa = PBXBuildFile; fileRef = 839F67B223D5409500AD9C2B /* MoviesViewController.swift */; };
		839F67B523D5576A00AD9C2B /* MovieCell.swift in Sources */ = {isa = PBXBuildFile; fileRef = 839F67B423D5576A00AD9C2B /* MovieCell.swift */; };
		83A410BA23E157A400FDB9EF /* MovieGridViewController.swift in Sources */ = {isa = PBXBuildFile; fileRef = 83A410B923E157A400FDB9EF /* MovieGridViewController.swift */; };
		83A410BC23E270D500FDB9EF /* MovieGridCell.swift in Sources */ = {isa = PBXBuildFile; fileRef = 83A410BB23E270D500FDB9EF /* MovieGridCell.swift */; };
		AB95B3F0036C841AAFA4A103 /* Pods_Flix.framework in Frameworks */ = {isa = PBXBuildFile; fileRef = 69A6DCDB6D2D4228CA0FF245 /* Pods_Flix.framework */; };
/* End PBXBuildFile section */

/* Begin PBXFileReference section */
		48AE880A2C3339B73D827BE8 /* Pods-Flix.release.xcconfig */ = {isa = PBXFileReference; includeInIndex = 1; lastKnownFileType = text.xcconfig; name = "Pods-Flix.release.xcconfig"; path = "Target Support Files/Pods-Flix/Pods-Flix.release.xcconfig"; sourceTree = "<group>"; };
		69A6DCDB6D2D4228CA0FF245 /* Pods_Flix.framework */ = {isa = PBXFileReference; explicitFileType = wrapper.framework; includeInIndex = 0; path = Pods_Flix.framework; sourceTree = BUILT_PRODUCTS_DIR; };
		836058DE23DBB11400D69FEA /* MovieDetailsViewController.swift */ = {isa = PBXFileReference; lastKnownFileType = sourcecode.swift; path = MovieDetailsViewController.swift; sourceTree = "<group>"; };
		839F679B23D53FBF00AD9C2B /* Flix.app */ = {isa = PBXFileReference; explicitFileType = wrapper.application; includeInIndex = 0; path = Flix.app; sourceTree = BUILT_PRODUCTS_DIR; };
		839F679E23D53FBF00AD9C2B /* AppDelegate.swift */ = {isa = PBXFileReference; lastKnownFileType = sourcecode.swift; path = AppDelegate.swift; sourceTree = "<group>"; };
		839F67A023D53FBF00AD9C2B /* SceneDelegate.swift */ = {isa = PBXFileReference; lastKnownFileType = sourcecode.swift; path = SceneDelegate.swift; sourceTree = "<group>"; };
		839F67A523D53FBF00AD9C2B /* Base */ = {isa = PBXFileReference; lastKnownFileType = file.storyboard; name = Base; path = Base.lproj/Main.storyboard; sourceTree = "<group>"; };
		839F67A723D53FC200AD9C2B /* Assets.xcassets */ = {isa = PBXFileReference; lastKnownFileType = folder.assetcatalog; path = Assets.xcassets; sourceTree = "<group>"; };
		839F67AA23D53FC200AD9C2B /* Base */ = {isa = PBXFileReference; lastKnownFileType = file.storyboard; name = Base; path = Base.lproj/LaunchScreen.storyboard; sourceTree = "<group>"; };
		839F67AC23D53FC200AD9C2B /* Info.plist */ = {isa = PBXFileReference; lastKnownFileType = text.plist.xml; path = Info.plist; sourceTree = "<group>"; };
		839F67B223D5409500AD9C2B /* MoviesViewController.swift */ = {isa = PBXFileReference; lastKnownFileType = sourcecode.swift; path = MoviesViewController.swift; sourceTree = "<group>"; };
		839F67B423D5576A00AD9C2B /* MovieCell.swift */ = {isa = PBXFileReference; lastKnownFileType = sourcecode.swift; path = MovieCell.swift; sourceTree = "<group>"; };
		83A410B923E157A400FDB9EF /* MovieGridViewController.swift */ = {isa = PBXFileReference; lastKnownFileType = sourcecode.swift; path = MovieGridViewController.swift; sourceTree = "<group>"; };
		83A410BB23E270D500FDB9EF /* MovieGridCell.swift */ = {isa = PBXFileReference; lastKnownFileType = sourcecode.swift; path = MovieGridCell.swift; sourceTree = "<group>"; };
		BA14405FAE73F49DFA79759C /* Pods-Flix.debug.xcconfig */ = {isa = PBXFileReference; includeInIndex = 1; lastKnownFileType = text.xcconfig; name = "Pods-Flix.debug.xcconfig"; path = "Target Support Files/Pods-Flix/Pods-Flix.debug.xcconfig"; sourceTree = "<group>"; };
/* End PBXFileReference section */

/* Begin PBXFrameworksBuildPhase section */
		839F679823D53FBF00AD9C2B /* Frameworks */ = {
			isa = PBXFrameworksBuildPhase;
			buildActionMask = 2147483647;
			files = (
				AB95B3F0036C841AAFA4A103 /* Pods_Flix.framework in Frameworks */,
			);
			runOnlyForDeploymentPostprocessing = 0;
		};
/* End PBXFrameworksBuildPhase section */

/* Begin PBXGroup section */
		839F679223D53FBF00AD9C2B = {
			isa = PBXGroup;
			children = (
				839F679D23D53FBF00AD9C2B /* Flix */,
				839F679C23D53FBF00AD9C2B /* Products */,
				DCE790228BE16E6765239E2F /* Pods */,
				CC3E8860ADEBE8666DD53F3E /* Frameworks */,
			);
			sourceTree = "<group>";
		};
		839F679C23D53FBF00AD9C2B /* Products */ = {
			isa = PBXGroup;
			children = (
				839F679B23D53FBF00AD9C2B /* Flix.app */,
			);
			name = Products;
			sourceTree = "<group>";
		};
		839F679D23D53FBF00AD9C2B /* Flix */ = {
			isa = PBXGroup;
			children = (
				839F679E23D53FBF00AD9C2B /* AppDelegate.swift */,
				839F67A023D53FBF00AD9C2B /* SceneDelegate.swift */,
				839F67A423D53FBF00AD9C2B /* Main.storyboard */,
				839F67B423D5576A00AD9C2B /* MovieCell.swift */,
				839F67A723D53FC200AD9C2B /* Assets.xcassets */,
				839F67A923D53FC200AD9C2B /* LaunchScreen.storyboard */,
				839F67AC23D53FC200AD9C2B /* Info.plist */,
				839F67B223D5409500AD9C2B /* MoviesViewController.swift */,
				836058DE23DBB11400D69FEA /* MovieDetailsViewController.swift */,
				83A410B923E157A400FDB9EF /* MovieGridViewController.swift */,
				83A410BB23E270D500FDB9EF /* MovieGridCell.swift */,
			);
			path = Flix;
			sourceTree = "<group>";
		};
		CC3E8860ADEBE8666DD53F3E /* Frameworks */ = {
			isa = PBXGroup;
			children = (
				69A6DCDB6D2D4228CA0FF245 /* Pods_Flix.framework */,
			);
			name = Frameworks;
			sourceTree = "<group>";
		};
		DCE790228BE16E6765239E2F /* Pods */ = {
			isa = PBXGroup;
			children = (
				BA14405FAE73F49DFA79759C /* Pods-Flix.debug.xcconfig */,
				48AE880A2C3339B73D827BE8 /* Pods-Flix.release.xcconfig */,
			);
			path = Pods;
			sourceTree = "<group>";
		};
/* End PBXGroup section */

/* Begin PBXNativeTarget section */
		839F679A23D53FBF00AD9C2B /* Flix */ = {
			isa = PBXNativeTarget;
			buildConfigurationList = 839F67AF23D53FC200AD9C2B /* Build configuration list for PBXNativeTarget "Flix" */;
			buildPhases = (
				B456E695FB39E309F923F18D /* [CP] Check Pods Manifest.lock */,
				839F679723D53FBF00AD9C2B /* Sources */,
				839F679823D53FBF00AD9C2B /* Frameworks */,
				839F679923D53FBF00AD9C2B /* Resources */,
				BF8E32E62003EC559138F1F8 /* [CP] Embed Pods Frameworks */,
			);
			buildRules = (
			);
			dependencies = (
			);
			name = Flix;
			productName = Flix;
			productReference = 839F679B23D53FBF00AD9C2B /* Flix.app */;
			productType = "com.apple.product-type.application";
		};
/* End PBXNativeTarget section */

/* Begin PBXProject section */
		839F679323D53FBF00AD9C2B /* Project object */ = {
			isa = PBXProject;
			attributes = {
				LastSwiftUpdateCheck = 1130;
				LastUpgradeCheck = 1130;
				ORGANIZATIONNAME = timothycheung80;
				TargetAttributes = {
					839F679A23D53FBF00AD9C2B = {
						CreatedOnToolsVersion = 11.3;
					};
				};
			};
			buildConfigurationList = 839F679623D53FBF00AD9C2B /* Build configuration list for PBXProject "Flix" */;
			compatibilityVersion = "Xcode 9.3";
			developmentRegion = en;
			hasScannedForEncodings = 0;
			knownRegions = (
				en,
				Base,
			);
			mainGroup = 839F679223D53FBF00AD9C2B;
			productRefGroup = 839F679C23D53FBF00AD9C2B /* Products */;
			projectDirPath = "";
			projectRoot = "";
			targets = (
				839F679A23D53FBF00AD9C2B /* Flix */,
			);
		};
/* End PBXProject section */

/* Begin PBXResourcesBuildPhase section */
		839F679923D53FBF00AD9C2B /* Resources */ = {
			isa = PBXResourcesBuildPhase;
			buildActionMask = 2147483647;
			files = (
				839F67AB23D53FC200AD9C2B /* LaunchScreen.storyboard in Resources */,
				839F67A823D53FC200AD9C2B /* Assets.xcassets in Resources */,
				839F67A623D53FBF00AD9C2B /* Main.storyboard in Resources */,
			);
			runOnlyForDeploymentPostprocessing = 0;
		};
/* End PBXResourcesBuildPhase section */

/* Begin PBXShellScriptBuildPhase section */
		B456E695FB39E309F923F18D /* [CP] Check Pods Manifest.lock */ = {
			isa = PBXShellScriptBuildPhase;
			buildActionMask = 2147483647;
			files = (
			);
			inputFileListPaths = (
			);
			inputPaths = (
				"${PODS_PODFILE_DIR_PATH}/Podfile.lock",
				"${PODS_ROOT}/Manifest.lock",
			);
			name = "[CP] Check Pods Manifest.lock";
			outputFileListPaths = (
			);
			outputPaths = (
				"$(DERIVED_FILE_DIR)/Pods-Flix-checkManifestLockResult.txt",
			);
			runOnlyForDeploymentPostprocessing = 0;
			shellPath = /bin/sh;
			shellScript = "diff \"${PODS_PODFILE_DIR_PATH}/Podfile.lock\" \"${PODS_ROOT}/Manifest.lock\" > /dev/null\nif [ $? != 0 ] ; then\n    # print error to STDERR\n    echo \"error: The sandbox is not in sync with the Podfile.lock. Run 'pod install' or update your CocoaPods installation.\" >&2\n    exit 1\nfi\n# This output is used by Xcode 'outputs' to avoid re-running this script phase.\necho \"SUCCESS\" > \"${SCRIPT_OUTPUT_FILE_0}\"\n";
			showEnvVarsInLog = 0;
		};
		BF8E32E62003EC559138F1F8 /* [CP] Embed Pods Frameworks */ = {
			isa = PBXShellScriptBuildPhase;
			buildActionMask = 2147483647;
			files = (
			);
			inputFileListPaths = (
				"${PODS_ROOT}/Target Support Files/Pods-Flix/Pods-Flix-frameworks-${CONFIGURATION}-input-files.xcfilelist",
			);
			name = "[CP] Embed Pods Frameworks";
			outputFileListPaths = (
				"${PODS_ROOT}/Target Support Files/Pods-Flix/Pods-Flix-frameworks-${CONFIGURATION}-output-files.xcfilelist",
			);
			runOnlyForDeploymentPostprocessing = 0;
			shellPath = /bin/sh;
			shellScript = "\"${PODS_ROOT}/Target Support Files/Pods-Flix/Pods-Flix-frameworks.sh\"\n";
			showEnvVarsInLog = 0;
		};
/* End PBXShellScriptBuildPhase section */

/* Begin PBXSourcesBuildPhase section */
		839F679723D53FBF00AD9C2B /* Sources */ = {
			isa = PBXSourcesBuildPhase;
			buildActionMask = 2147483647;
			files = (
				836058DF23DBB11400D69FEA /* MovieDetailsViewController.swift in Sources */,
				839F679F23D53FBF00AD9C2B /* AppDelegate.swift in Sources */,
				839F67A123D53FBF00AD9C2B /* SceneDelegate.swift in Sources */,
				839F67B523D5576A00AD9C2B /* MovieCell.swift in Sources */,
				839F67B323D5409500AD9C2B /* MoviesViewController.swift in Sources */,
				83A410BA23E157A400FDB9EF /* MovieGridViewController.swift in Sources */,
				83A410BC23E270D500FDB9EF /* MovieGridCell.swift in Sources */,
			);
			runOnlyForDeploymentPostprocessing = 0;
		};
/* End PBXSourcesBuildPhase section */

/* Begin PBXVariantGroup section */
		839F67A423D53FBF00AD9C2B /* Main.storyboard */ = {
			isa = PBXVariantGroup;
			children = (
				839F67A523D53FBF00AD9C2B /* Base */,
			);
			name = Main.storyboard;
			sourceTree = "<group>";
		};
		839F67A923D53FC200AD9C2B /* LaunchScreen.storyboard */ = {
			isa = PBXVariantGroup;
			children = (
				839F67AA23D53FC200AD9C2B /* Base */,
			);
			name = LaunchScreen.storyboard;
			sourceTree = "<group>";
		};
/* End PBXVariantGroup section */

/* Begin XCBuildConfiguration section */
		839F67AD23D53FC200AD9C2B /* Debug */ = {
			isa = XCBuildConfiguration;
			buildSettings = {
				ALWAYS_SEARCH_USER_PATHS = NO;
				CLANG_ANALYZER_NONNULL = YES;
				CLANG_ANALYZER_NUMBER_OBJECT_CONVERSION = YES_AGGRESSIVE;
				CLANG_CXX_LANGUAGE_STANDARD = "gnu++14";
				CLANG_CXX_LIBRARY = "libc++";
				CLANG_ENABLE_MODULES = YES;
				CLANG_ENABLE_OBJC_ARC = YES;
				CLANG_ENABLE_OBJC_WEAK = YES;
				CLANG_WARN_BLOCK_CAPTURE_AUTORELEASING = YES;
				CLANG_WARN_BOOL_CONVERSION = YES;
				CLANG_WARN_COMMA = YES;
				CLANG_WARN_CONSTANT_CONVERSION = YES;
				CLANG_WARN_DEPRECATED_OBJC_IMPLEMENTATIONS = YES;
				CLANG_WARN_DIRECT_OBJC_ISA_USAGE = YES_ERROR;
				CLANG_WARN_DOCUMENTATION_COMMENTS = YES;
				CLANG_WARN_EMPTY_BODY = YES;
				CLANG_WARN_ENUM_CONVERSION = YES;
				CLANG_WARN_INFINITE_RECURSION = YES;
				CLANG_WARN_INT_CONVERSION = YES;
				CLANG_WARN_NON_LITERAL_NULL_CONVERSION = YES;
				CLANG_WARN_OBJC_IMPLICIT_RETAIN_SELF = YES;
				CLANG_WARN_OBJC_LITERAL_CONVERSION = YES;
				CLANG_WARN_OBJC_ROOT_CLASS = YES_ERROR;
				CLANG_WARN_RANGE_LOOP_ANALYSIS = YES;
				CLANG_WARN_STRICT_PROTOTYPES = YES;
				CLANG_WARN_SUSPICIOUS_MOVE = YES;
				CLANG_WARN_UNGUARDED_AVAILABILITY = YES_AGGRESSIVE;
				CLANG_WARN_UNREACHABLE_CODE = YES;
				CLANG_WARN__DUPLICATE_METHOD_MATCH = YES;
				COPY_PHASE_STRIP = NO;
				DEBUG_INFORMATION_FORMAT = dwarf;
				ENABLE_STRICT_OBJC_MSGSEND = YES;
				ENABLE_TESTABILITY = YES;
				GCC_C_LANGUAGE_STANDARD = gnu11;
				GCC_DYNAMIC_NO_PIC = NO;
				GCC_NO_COMMON_BLOCKS = YES;
				GCC_OPTIMIZATION_LEVEL = 0;
				GCC_PREPROCESSOR_DEFINITIONS = (
					"DEBUG=1",
					"$(inherited)",
				);
				GCC_WARN_64_TO_32_BIT_CONVERSION = YES;
				GCC_WARN_ABOUT_RETURN_TYPE = YES_ERROR;
				GCC_WARN_UNDECLARED_SELECTOR = YES;
				GCC_WARN_UNINITIALIZED_AUTOS = YES_AGGRESSIVE;
				GCC_WARN_UNUSED_FUNCTION = YES;
				GCC_WARN_UNUSED_VARIABLE = YES;
				IPHONEOS_DEPLOYMENT_TARGET = 13.2;
				MTL_ENABLE_DEBUG_INFO = INCLUDE_SOURCE;
				MTL_FAST_MATH = YES;
				ONLY_ACTIVE_ARCH = YES;
				SDKROOT = iphoneos;
				SWIFT_ACTIVE_COMPILATION_CONDITIONS = DEBUG;
				SWIFT_OPTIMIZATION_LEVEL = "-Onone";
			};
			name = Debug;
		};
		839F67AE23D53FC200AD9C2B /* Release */ = {
			isa = XCBuildConfiguration;
			buildSettings = {
				ALWAYS_SEARCH_USER_PATHS = NO;
				CLANG_ANALYZER_NONNULL = YES;
				CLANG_ANALYZER_NUMBER_OBJECT_CONVERSION = YES_AGGRESSIVE;
				CLANG_CXX_LANGUAGE_STANDARD = "gnu++14";
				CLANG_CXX_LIBRARY = "libc++";
				CLANG_ENABLE_MODULES = YES;
				CLANG_ENABLE_OBJC_ARC = YES;
				CLANG_ENABLE_OBJC_WEAK = YES;
				CLANG_WARN_BLOCK_CAPTURE_AUTORELEASING = YES;
				CLANG_WARN_BOOL_CONVERSION = YES;
				CLANG_WARN_COMMA = YES;
				CLANG_WARN_CONSTANT_CONVERSION = YES;
				CLANG_WARN_DEPRECATED_OBJC_IMPLEMENTATIONS = YES;
				CLANG_WARN_DIRECT_OBJC_ISA_USAGE = YES_ERROR;
				CLANG_WARN_DOCUMENTATION_COMMENTS = YES;
				CLANG_WARN_EMPTY_BODY = YES;
				CLANG_WARN_ENUM_CONVERSION = YES;
				CLANG_WARN_INFINITE_RECURSION = YES;
				CLANG_WARN_INT_CONVERSION = YES;
				CLANG_WARN_NON_LITERAL_NULL_CONVERSION = YES;
				CLANG_WARN_OBJC_IMPLICIT_RETAIN_SELF = YES;
				CLANG_WARN_OBJC_LITERAL_CONVERSION = YES;
				CLANG_WARN_OBJC_ROOT_CLASS = YES_ERROR;
				CLANG_WARN_RANGE_LOOP_ANALYSIS = YES;
				CLANG_WARN_STRICT_PROTOTYPES = YES;
				CLANG_WARN_SUSPICIOUS_MOVE = YES;
				CLANG_WARN_UNGUARDED_AVAILABILITY = YES_AGGRESSIVE;
				CLANG_WARN_UNREACHABLE_CODE = YES;
				CLANG_WARN__DUPLICATE_METHOD_MATCH = YES;
				COPY_PHASE_STRIP = NO;
				DEBUG_INFORMATION_FORMAT = "dwarf-with-dsym";
				ENABLE_NS_ASSERTIONS = NO;
				ENABLE_STRICT_OBJC_MSGSEND = YES;
				GCC_C_LANGUAGE_STANDARD = gnu11;
				GCC_NO_COMMON_BLOCKS = YES;
				GCC_WARN_64_TO_32_BIT_CONVERSION = YES;
				GCC_WARN_ABOUT_RETURN_TYPE = YES_ERROR;
				GCC_WARN_UNDECLARED_SELECTOR = YES;
				GCC_WARN_UNINITIALIZED_AUTOS = YES_AGGRESSIVE;
				GCC_WARN_UNUSED_FUNCTION = YES;
				GCC_WARN_UNUSED_VARIABLE = YES;
				IPHONEOS_DEPLOYMENT_TARGET = 13.2;
				MTL_ENABLE_DEBUG_INFO = NO;
				MTL_FAST_MATH = YES;
				SDKROOT = iphoneos;
				SWIFT_COMPILATION_MODE = wholemodule;
				SWIFT_OPTIMIZATION_LEVEL = "-O";
				VALIDATE_PRODUCT = YES;
			};
			name = Release;
		};
		839F67B023D53FC200AD9C2B /* Debug */ = {
			isa = XCBuildConfiguration;
			baseConfigurationReference = BA14405FAE73F49DFA79759C /* Pods-Flix.debug.xcconfig */;
			buildSettings = {
				ASSETCATALOG_COMPILER_APPICON_NAME = AppIcon;
				CODE_SIGN_STYLE = Automatic;
				DEVELOPMENT_TEAM = 6JG4YXB2UZ;
				INFOPLIST_FILE = Flix/Info.plist;
				LD_RUNPATH_SEARCH_PATHS = (
					"$(inherited)",
					"@executable_path/Frameworks",
				);
				PRODUCT_BUNDLE_IDENTIFIER = com.timothycheung80.Flix;
				PRODUCT_NAME = "$(TARGET_NAME)";
				SWIFT_VERSION = 5.0;
				TARGETED_DEVICE_FAMILY = "1,2";
			};
			name = Debug;
		};
		839F67B123D53FC200AD9C2B /* Release */ = {
			isa = XCBuildConfiguration;
			baseConfigurationReference = 48AE880A2C3339B73D827BE8 /* Pods-Flix.release.xcconfig */;
			buildSettings = {
				ASSETCATALOG_COMPILER_APPICON_NAME = AppIcon;
				CODE_SIGN_STYLE = Automatic;
				DEVELOPMENT_TEAM = 6JG4YXB2UZ;
				INFOPLIST_FILE = Flix/Info.plist;
				LD_RUNPATH_SEARCH_PATHS = (
					"$(inherited)",
					"@executable_path/Frameworks",
				);
				PRODUCT_BUNDLE_IDENTIFIER = com.timothycheung80.Flix;
				PRODUCT_NAME = "$(TARGET_NAME)";
				SWIFT_VERSION = 5.0;
				TARGETED_DEVICE_FAMILY = "1,2";
			};
			name = Release;
		};
/* End XCBuildConfiguration section */

/* Begin XCConfigurationList section */
		839F679623D53FBF00AD9C2B /* Build configuration list for PBXProject "Flix" */ = {
			isa = XCConfigurationList;
			buildConfigurations = (
				839F67AD23D53FC200AD9C2B /* Debug */,
				839F67AE23D53FC200AD9C2B /* Release */,
			);
			defaultConfigurationIsVisible = 0;
			defaultConfigurationName = Release;
		};
		839F67AF23D53FC200AD9C2B /* Build configuration list for PBXNativeTarget "Flix" */ = {
			isa = XCConfigurationList;
			buildConfigurations = (
				839F67B023D53FC200AD9C2B /* Debug */,
				839F67B123D53FC200AD9C2B /* Release */,
			);
			defaultConfigurationIsVisible = 0;
			defaultConfigurationName = Release;
		};
/* End XCConfigurationList section */
	};
	rootObject = 839F679323D53FBF00AD9C2B /* Project object */;
}
